// !$*UTF8*$!
{
	archiveVersion = 1;
	classes = {
	};
	objectVersion = 55;
	objects = {

/* Begin PBXBuildFile section */
		874DDF8228A0A6E500B0BED9 /* StopWatch.storyboard in Resources */ = {isa = PBXBuildFile; fileRef = 874DDF8128A0A6E500B0BED9 /* StopWatch.storyboard */; };
		874DDF8428A0A6FA00B0BED9 /* StopWatchViewController.swift in Sources */ = {isa = PBXBuildFile; fileRef = 874DDF8328A0A6FA00B0BED9 /* StopWatchViewController.swift */; };
		874DDF8728A0A7A000B0BED9 /* StopWatchDetailViewController.swift in Sources */ = {isa = PBXBuildFile; fileRef = 874DDF8628A0A7A000B0BED9 /* StopWatchDetailViewController.swift */; };
		874DDF8928A0A7AA00B0BED9 /* StopWatchDetail.storyboard in Resources */ = {isa = PBXBuildFile; fileRef = 874DDF8828A0A7AA00B0BED9 /* StopWatchDetail.storyboard */; };
		87BF211D289CE9B900661C80 /* AppDelegate.swift in Sources */ = {isa = PBXBuildFile; fileRef = 87BF211C289CE9B900661C80 /* AppDelegate.swift */; };
		87BF211F289CE9B900661C80 /* SceneDelegate.swift in Sources */ = {isa = PBXBuildFile; fileRef = 87BF211E289CE9B900661C80 /* SceneDelegate.swift */; };
		87BF2121289CE9B900661C80 /* ViewController.swift in Sources */ = {isa = PBXBuildFile; fileRef = 87BF2120289CE9B900661C80 /* ViewController.swift */; };
		87BF2124289CE9B900661C80 /* Main.storyboard in Resources */ = {isa = PBXBuildFile; fileRef = 87BF2122289CE9B900661C80 /* Main.storyboard */; };
		87BF2126289CE9BB00661C80 /* Assets.xcassets in Resources */ = {isa = PBXBuildFile; fileRef = 87BF2125289CE9BB00661C80 /* Assets.xcassets */; };
		87BF2129289CE9BB00661C80 /* LaunchScreen.storyboard in Resources */ = {isa = PBXBuildFile; fileRef = 87BF2127289CE9BB00661C80 /* LaunchScreen.storyboard */; };
		87BF2134289CE9BB00661C80 /* timerTests.swift in Sources */ = {isa = PBXBuildFile; fileRef = 87BF2133289CE9BB00661C80 /* timerTests.swift */; };
		87BF213E289CE9BB00661C80 /* timerUITests.swift in Sources */ = {isa = PBXBuildFile; fileRef = 87BF213D289CE9BB00661C80 /* timerUITests.swift */; };
		87BF2140289CE9BB00661C80 /* timerUITestsLaunchTests.swift in Sources */ = {isa = PBXBuildFile; fileRef = 87BF213F289CE9BB00661C80 /* timerUITestsLaunchTests.swift */; };
		87BF2151289CED9700661C80 /* NormalRamenViewController.swift in Sources */ = {isa = PBXBuildFile; fileRef = 87BF2150289CED9700661C80 /* NormalRamenViewController.swift */; };
		87BF2154289CF22300661C80 /* LongRamen.storyboard in Resources */ = {isa = PBXBuildFile; fileRef = 87BF2153289CF22300661C80 /* LongRamen.storyboard */; };
		87BF2156289CF23000661C80 /* LongRamenViewController.swift in Sources */ = {isa = PBXBuildFile; fileRef = 87BF2155289CF23000661C80 /* LongRamenViewController.swift */; };
		87BF2159289CF26900661C80 /* RealTimer.storyboard in Resources */ = {isa = PBXBuildFile; fileRef = 87BF2158289CF26900661C80 /* RealTimer.storyboard */; };
		87BF215B289CF27300661C80 /* RealTimerViewController.swift in Sources */ = {isa = PBXBuildFile; fileRef = 87BF215A289CF27300661C80 /* RealTimerViewController.swift */; };
		87BF215E289D0DA800661C80 /* NormalRamen.storyboard in Resources */ = {isa = PBXBuildFile; fileRef = 87BF215D289D0DA800661C80 /* NormalRamen.storyboard */; };
/* End PBXBuildFile section */

/* Begin PBXContainerItemProxy section */
		87BF2130289CE9BB00661C80 /* PBXContainerItemProxy */ = {
			isa = PBXContainerItemProxy;
			containerPortal = 87BF2111289CE9B900661C80 /* Project object */;
			proxyType = 1;
			remoteGlobalIDString = 87BF2118289CE9B900661C80;
			remoteInfo = timer;
		};
		87BF213A289CE9BB00661C80 /* PBXContainerItemProxy */ = {
			isa = PBXContainerItemProxy;
			containerPortal = 87BF2111289CE9B900661C80 /* Project object */;
			proxyType = 1;
			remoteGlobalIDString = 87BF2118289CE9B900661C80;
			remoteInfo = timer;
		};
/* End PBXContainerItemProxy section */

/* Begin PBXFileReference section */
		874DDF8128A0A6E500B0BED9 /* StopWatch.storyboard */ = {isa = PBXFileReference; lastKnownFileType = file.storyboard; path = StopWatch.storyboard; sourceTree = "<group>"; };
		874DDF8328A0A6FA00B0BED9 /* StopWatchViewController.swift */ = {isa = PBXFileReference; lastKnownFileType = sourcecode.swift; path = StopWatchViewController.swift; sourceTree = "<group>"; };
		874DDF8628A0A7A000B0BED9 /* StopWatchDetailViewController.swift */ = {isa = PBXFileReference; lastKnownFileType = sourcecode.swift; path = StopWatchDetailViewController.swift; sourceTree = "<group>"; };
		874DDF8828A0A7AA00B0BED9 /* StopWatchDetail.storyboard */ = {isa = PBXFileReference; lastKnownFileType = file.storyboard; path = StopWatchDetail.storyboard; sourceTree = "<group>"; };
		87BF2119289CE9B900661C80 /* timer.app */ = {isa = PBXFileReference; explicitFileType = wrapper.application; includeInIndex = 0; path = timer.app; sourceTree = BUILT_PRODUCTS_DIR; };
		87BF211C289CE9B900661C80 /* AppDelegate.swift */ = {isa = PBXFileReference; lastKnownFileType = sourcecode.swift; path = AppDelegate.swift; sourceTree = "<group>"; };
		87BF211E289CE9B900661C80 /* SceneDelegate.swift */ = {isa = PBXFileReference; lastKnownFileType = sourcecode.swift; path = SceneDelegate.swift; sourceTree = "<group>"; };
		87BF2120289CE9B900661C80 /* ViewController.swift */ = {isa = PBXFileReference; lastKnownFileType = sourcecode.swift; path = ViewController.swift; sourceTree = "<group>"; };
		87BF2123289CE9B900661C80 /* Base */ = {isa = PBXFileReference; lastKnownFileType = file.storyboard; name = Base; path = Base.lproj/Main.storyboard; sourceTree = "<group>"; };
		87BF2125289CE9BB00661C80 /* Assets.xcassets */ = {isa = PBXFileReference; lastKnownFileType = folder.assetcatalog; path = Assets.xcassets; sourceTree = "<group>"; };
		87BF2128289CE9BB00661C80 /* Base */ = {isa = PBXFileReference; lastKnownFileType = file.storyboard; name = Base; path = Base.lproj/LaunchScreen.storyboard; sourceTree = "<group>"; };
		87BF212A289CE9BB00661C80 /* Info.plist */ = {isa = PBXFileReference; lastKnownFileType = text.plist.xml; path = Info.plist; sourceTree = "<group>"; };
		87BF212F289CE9BB00661C80 /* timerTests.xctest */ = {isa = PBXFileReference; explicitFileType = wrapper.cfbundle; includeInIndex = 0; path = timerTests.xctest; sourceTree = BUILT_PRODUCTS_DIR; };
		87BF2133289CE9BB00661C80 /* timerTests.swift */ = {isa = PBXFileReference; lastKnownFileType = sourcecode.swift; path = timerTests.swift; sourceTree = "<group>"; };
		87BF2139289CE9BB00661C80 /* timerUITests.xctest */ = {isa = PBXFileReference; explicitFileType = wrapper.cfbundle; includeInIndex = 0; path = timerUITests.xctest; sourceTree = BUILT_PRODUCTS_DIR; };
		87BF213D289CE9BB00661C80 /* timerUITests.swift */ = {isa = PBXFileReference; lastKnownFileType = sourcecode.swift; path = timerUITests.swift; sourceTree = "<group>"; };
		87BF213F289CE9BB00661C80 /* timerUITestsLaunchTests.swift */ = {isa = PBXFileReference; lastKnownFileType = sourcecode.swift; path = timerUITestsLaunchTests.swift; sourceTree = "<group>"; };
		87BF2150289CED9700661C80 /* NormalRamenViewController.swift */ = {isa = PBXFileReference; lastKnownFileType = sourcecode.swift; path = NormalRamenViewController.swift; sourceTree = "<group>"; };
		87BF2153289CF22300661C80 /* LongRamen.storyboard */ = {isa = PBXFileReference; lastKnownFileType = file.storyboard; path = LongRamen.storyboard; sourceTree = "<group>"; };
		87BF2155289CF23000661C80 /* LongRamenViewController.swift */ = {isa = PBXFileReference; lastKnownFileType = sourcecode.swift; path = LongRamenViewController.swift; sourceTree = "<group>"; };
		87BF2158289CF26900661C80 /* RealTimer.storyboard */ = {isa = PBXFileReference; lastKnownFileType = file.storyboard; path = RealTimer.storyboard; sourceTree = "<group>"; };
		87BF215A289CF27300661C80 /* RealTimerViewController.swift */ = {isa = PBXFileReference; lastKnownFileType = sourcecode.swift; path = RealTimerViewController.swift; sourceTree = "<group>"; };
		87BF215D289D0DA800661C80 /* NormalRamen.storyboard */ = {isa = PBXFileReference; lastKnownFileType = file.storyboard; path = NormalRamen.storyboard; sourceTree = "<group>"; };
/* End PBXFileReference section */

/* Begin PBXFrameworksBuildPhase section */
		87BF2116289CE9B900661C80 /* Frameworks */ = {
			isa = PBXFrameworksBuildPhase;
			buildActionMask = 2147483647;
			files = (
			);
			runOnlyForDeploymentPostprocessing = 0;
		};
		87BF212C289CE9BB00661C80 /* Frameworks */ = {
			isa = PBXFrameworksBuildPhase;
			buildActionMask = 2147483647;
			files = (
			);
			runOnlyForDeploymentPostprocessing = 0;
		};
		87BF2136289CE9BB00661C80 /* Frameworks */ = {
			isa = PBXFrameworksBuildPhase;
			buildActionMask = 2147483647;
			files = (
			);
			runOnlyForDeploymentPostprocessing = 0;
		};
/* End PBXFrameworksBuildPhase section */

/* Begin PBXGroup section */
		874DDF8528A0A6FE00B0BED9 /* StopWatch */ = {
			isa = PBXGroup;
			children = (
				874DDF8628A0A7A000B0BED9 /* StopWatchDetailViewController.swift */,
				874DDF8828A0A7AA00B0BED9 /* StopWatchDetail.storyboard */,
				874DDF8128A0A6E500B0BED9 /* StopWatch.storyboard */,
				874DDF8328A0A6FA00B0BED9 /* StopWatchViewController.swift */,
			);
			path = StopWatch;
			sourceTree = "<group>";
		};
		87BF2110289CE9B900661C80 = {
			isa = PBXGroup;
			children = (
				87BF211B289CE9B900661C80 /* timer */,
				87BF2132289CE9BB00661C80 /* timerTests */,
				87BF213C289CE9BB00661C80 /* timerUITests */,
				87BF211A289CE9B900661C80 /* Products */,
			);
			sourceTree = "<group>";
		};
		87BF211A289CE9B900661C80 /* Products */ = {
			isa = PBXGroup;
			children = (
				87BF2119289CE9B900661C80 /* timer.app */,
				87BF212F289CE9BB00661C80 /* timerTests.xctest */,
				87BF2139289CE9BB00661C80 /* timerUITests.xctest */,
			);
			name = Products;
			sourceTree = "<group>";
		};
		87BF211B289CE9B900661C80 /* timer */ = {
			isa = PBXGroup;
			children = (
				87BF211C289CE9B900661C80 /* AppDelegate.swift */,
				87BF211E289CE9B900661C80 /* SceneDelegate.swift */,
				87BF2120289CE9B900661C80 /* ViewController.swift */,
				87BF2122289CE9B900661C80 /* Main.storyboard */,
				87BF215C289CF27700661C80 /* RealTimer */,
				87BF2157289CF23C00661C80 /* LongRamen */,
				87BF2152289CF20600661C80 /* NormalRamen */,
				87BF2125289CE9BB00661C80 /* Assets.xcassets */,
				874DDF8528A0A6FE00B0BED9 /* StopWatch */,
				87BF2127289CE9BB00661C80 /* LaunchScreen.storyboard */,
				87BF212A289CE9BB00661C80 /* Info.plist */,
			);
			path = timer;
			sourceTree = "<group>";
		};
		87BF2132289CE9BB00661C80 /* timerTests */ = {
			isa = PBXGroup;
			children = (
				87BF2133289CE9BB00661C80 /* timerTests.swift */,
			);
			path = timerTests;
			sourceTree = "<group>";
		};
		87BF213C289CE9BB00661C80 /* timerUITests */ = {
			isa = PBXGroup;
			children = (
				87BF213D289CE9BB00661C80 /* timerUITests.swift */,
				87BF213F289CE9BB00661C80 /* timerUITestsLaunchTests.swift */,
			);
			path = timerUITests;
			sourceTree = "<group>";
		};
		87BF2152289CF20600661C80 /* NormalRamen */ = {
			isa = PBXGroup;
			children = (
				87BF2150289CED9700661C80 /* NormalRamenViewController.swift */,
				87BF215D289D0DA800661C80 /* NormalRamen.storyboard */,
			);
			path = NormalRamen;
			sourceTree = "<group>";
		};
		87BF2157289CF23C00661C80 /* LongRamen */ = {
			isa = PBXGroup;
			children = (
				87BF2153289CF22300661C80 /* LongRamen.storyboard */,
				87BF2155289CF23000661C80 /* LongRamenViewController.swift */,
			);
			path = LongRamen;
			sourceTree = "<group>";
		};
		87BF215C289CF27700661C80 /* RealTimer */ = {
			isa = PBXGroup;
			children = (
				87BF2158289CF26900661C80 /* RealTimer.storyboard */,
				87BF215A289CF27300661C80 /* RealTimerViewController.swift */,
			);
			path = RealTimer;
			sourceTree = "<group>";
		};
/* End PBXGroup section */

/* Begin PBXNativeTarget section */
		87BF2118289CE9B900661C80 /* timer */ = {
			isa = PBXNativeTarget;
			buildConfigurationList = 87BF2143289CE9BB00661C80 /* Build configuration list for PBXNativeTarget "timer" */;
			buildPhases = (
				87BF2115289CE9B900661C80 /* Sources */,
				87BF2116289CE9B900661C80 /* Frameworks */,
				87BF2117289CE9B900661C80 /* Resources */,
			);
			buildRules = (
			);
			dependencies = (
			);
			name = timer;
			productName = timer;
			productReference = 87BF2119289CE9B900661C80 /* timer.app */;
			productType = "com.apple.product-type.application";
		};
		87BF212E289CE9BB00661C80 /* timerTests */ = {
			isa = PBXNativeTarget;
			buildConfigurationList = 87BF2146289CE9BB00661C80 /* Build configuration list for PBXNativeTarget "timerTests" */;
			buildPhases = (
				87BF212B289CE9BB00661C80 /* Sources */,
				87BF212C289CE9BB00661C80 /* Frameworks */,
				87BF212D289CE9BB00661C80 /* Resources */,
			);
			buildRules = (
			);
			dependencies = (
				87BF2131289CE9BB00661C80 /* PBXTargetDependency */,
			);
			name = timerTests;
			productName = timerTests;
			productReference = 87BF212F289CE9BB00661C80 /* timerTests.xctest */;
			productType = "com.apple.product-type.bundle.unit-test";
		};
		87BF2138289CE9BB00661C80 /* timerUITests */ = {
			isa = PBXNativeTarget;
			buildConfigurationList = 87BF2149289CE9BB00661C80 /* Build configuration list for PBXNativeTarget "timerUITests" */;
			buildPhases = (
				87BF2135289CE9BB00661C80 /* Sources */,
				87BF2136289CE9BB00661C80 /* Frameworks */,
				87BF2137289CE9BB00661C80 /* Resources */,
			);
			buildRules = (
			);
			dependencies = (
				87BF213B289CE9BB00661C80 /* PBXTargetDependency */,
			);
			name = timerUITests;
			productName = timerUITests;
			productReference = 87BF2139289CE9BB00661C80 /* timerUITests.xctest */;
			productType = "com.apple.product-type.bundle.ui-testing";
		};
/* End PBXNativeTarget section */

/* Begin PBXProject section */
		87BF2111289CE9B900661C80 /* Project object */ = {
			isa = PBXProject;
			attributes = {
				BuildIndependentTargetsInParallel = 1;
				LastSwiftUpdateCheck = 1340;
				LastUpgradeCheck = 1340;
				TargetAttributes = {
					87BF2118289CE9B900661C80 = {
						CreatedOnToolsVersion = 13.4.1;
					};
					87BF212E289CE9BB00661C80 = {
						CreatedOnToolsVersion = 13.4.1;
						TestTargetID = 87BF2118289CE9B900661C80;
					};
					87BF2138289CE9BB00661C80 = {
						CreatedOnToolsVersion = 13.4.1;
						TestTargetID = 87BF2118289CE9B900661C80;
					};
				};
			};
			buildConfigurationList = 87BF2114289CE9B900661C80 /* Build configuration list for PBXProject "timer" */;
			compatibilityVersion = "Xcode 13.0";
			developmentRegion = en;
			hasScannedForEncodings = 0;
			knownRegions = (
				en,
				Base,
			);
			mainGroup = 87BF2110289CE9B900661C80;
			productRefGroup = 87BF211A289CE9B900661C80 /* Products */;
			projectDirPath = "";
			projectRoot = "";
			targets = (
				87BF2118289CE9B900661C80 /* timer */,
				87BF212E289CE9BB00661C80 /* timerTests */,
				87BF2138289CE9BB00661C80 /* timerUITests */,
			);
		};
/* End PBXProject section */

/* Begin PBXResourcesBuildPhase section */
		87BF2117289CE9B900661C80 /* Resources */ = {
			isa = PBXResourcesBuildPhase;
			buildActionMask = 2147483647;
			files = (
				87BF2159289CF26900661C80 /* RealTimer.storyboard in Resources */,
				874DDF8928A0A7AA00B0BED9 /* StopWatchDetail.storyboard in Resources */,
				87BF215E289D0DA800661C80 /* NormalRamen.storyboard in Resources */,
				87BF2129289CE9BB00661C80 /* LaunchScreen.storyboard in Resources */,
				87BF2126289CE9BB00661C80 /* Assets.xcassets in Resources */,
				87BF2124289CE9B900661C80 /* Main.storyboard in Resources */,
				87BF2154289CF22300661C80 /* LongRamen.storyboard in Resources */,
				874DDF8228A0A6E500B0BED9 /* StopWatch.storyboard in Resources */,
			);
			runOnlyForDeploymentPostprocessing = 0;
		};
		87BF212D289CE9BB00661C80 /* Resources */ = {
			isa = PBXResourcesBuildPhase;
			buildActionMask = 2147483647;
			files = (
			);
			runOnlyForDeploymentPostprocessing = 0;
		};
		87BF2137289CE9BB00661C80 /* Resources */ = {
			isa = PBXResourcesBuildPhase;
			buildActionMask = 2147483647;
			files = (
			);
			runOnlyForDeploymentPostprocessing = 0;
		};
/* End PBXResourcesBuildPhase section */

/* Begin PBXSourcesBuildPhase section */
		87BF2115289CE9B900661C80 /* Sources */ = {
			isa = PBXSourcesBuildPhase;
			buildActionMask = 2147483647;
			files = (
				87BF2156289CF23000661C80 /* LongRamenViewController.swift in Sources */,
				87BF2121289CE9B900661C80 /* ViewController.swift in Sources */,
				87BF215B289CF27300661C80 /* RealTimerViewController.swift in Sources */,
				87BF2151289CED9700661C80 /* NormalRamenViewController.swift in Sources */,
				87BF211D289CE9B900661C80 /* AppDelegate.swift in Sources */,
				874DDF8728A0A7A000B0BED9 /* StopWatchDetailViewController.swift in Sources */,
				874DDF8428A0A6FA00B0BED9 /* StopWatchViewController.swift in Sources */,
				87BF211F289CE9B900661C80 /* SceneDelegate.swift in Sources */,
			);
			runOnlyForDeploymentPostprocessing = 0;
		};
		87BF212B289CE9BB00661C80 /* Sources */ = {
			isa = PBXSourcesBuildPhase;
			buildActionMask = 2147483647;
			files = (
				87BF2134289CE9BB00661C80 /* timerTests.swift in Sources */,
			);
			runOnlyForDeploymentPostprocessing = 0;
		};
		87BF2135289CE9BB00661C80 /* Sources */ = {
			isa = PBXSourcesBuildPhase;
			buildActionMask = 2147483647;
			files = (
				87BF2140289CE9BB00661C80 /* timerUITestsLaunchTests.swift in Sources */,
				87BF213E289CE9BB00661C80 /* timerUITests.swift in Sources */,
			);
			runOnlyForDeploymentPostprocessing = 0;
		};
/* End PBXSourcesBuildPhase section */

/* Begin PBXTargetDependency section */
		87BF2131289CE9BB00661C80 /* PBXTargetDependency */ = {
			isa = PBXTargetDependency;
			target = 87BF2118289CE9B900661C80 /* timer */;
			targetProxy = 87BF2130289CE9BB00661C80 /* PBXContainerItemProxy */;
		};
		87BF213B289CE9BB00661C80 /* PBXTargetDependency */ = {
			isa = PBXTargetDependency;
			target = 87BF2118289CE9B900661C80 /* timer */;
			targetProxy = 87BF213A289CE9BB00661C80 /* PBXContainerItemProxy */;
		};
/* End PBXTargetDependency section */

/* Begin PBXVariantGroup section */
		87BF2122289CE9B900661C80 /* Main.storyboard */ = {
			isa = PBXVariantGroup;
			children = (
				87BF2123289CE9B900661C80 /* Base */,
			);
			name = Main.storyboard;
			sourceTree = "<group>";
		};
		87BF2127289CE9BB00661C80 /* LaunchScreen.storyboard */ = {
			isa = PBXVariantGroup;
			children = (
				87BF2128289CE9BB00661C80 /* Base */,
			);
			name = LaunchScreen.storyboard;
			sourceTree = "<group>";
		};
/* End PBXVariantGroup section */

/* Begin XCBuildConfiguration section */
		87BF2141289CE9BB00661C80 /* Debug */ = {
			isa = XCBuildConfiguration;
			buildSettings = {
				ALWAYS_SEARCH_USER_PATHS = NO;
				CLANG_ANALYZER_NONNULL = YES;
				CLANG_ANALYZER_NUMBER_OBJECT_CONVERSION = YES_AGGRESSIVE;
				CLANG_CXX_LANGUAGE_STANDARD = "gnu++17";
				CLANG_ENABLE_MODULES = YES;
				CLANG_ENABLE_OBJC_ARC = YES;
				CLANG_ENABLE_OBJC_WEAK = YES;
				CLANG_WARN_BLOCK_CAPTURE_AUTORELEASING = YES;
				CLANG_WARN_BOOL_CONVERSION = YES;
				CLANG_WARN_COMMA = YES;
				CLANG_WARN_CONSTANT_CONVERSION = YES;
				CLANG_WARN_DEPRECATED_OBJC_IMPLEMENTATIONS = YES;
				CLANG_WARN_DIRECT_OBJC_ISA_USAGE = YES_ERROR;
				CLANG_WARN_DOCUMENTATION_COMMENTS = YES;
				CLANG_WARN_EMPTY_BODY = YES;
				CLANG_WARN_ENUM_CONVERSION = YES;
				CLANG_WARN_INFINITE_RECURSION = YES;
				CLANG_WARN_INT_CONVERSION = YES;
				CLANG_WARN_NON_LITERAL_NULL_CONVERSION = YES;
				CLANG_WARN_OBJC_IMPLICIT_RETAIN_SELF = YES;
				CLANG_WARN_OBJC_LITERAL_CONVERSION = YES;
				CLANG_WARN_OBJC_ROOT_CLASS = YES_ERROR;
				CLANG_WARN_QUOTED_INCLUDE_IN_FRAMEWORK_HEADER = YES;
				CLANG_WARN_RANGE_LOOP_ANALYSIS = YES;
				CLANG_WARN_STRICT_PROTOTYPES = YES;
				CLANG_WARN_SUSPICIOUS_MOVE = YES;
				CLANG_WARN_UNGUARDED_AVAILABILITY = YES_AGGRESSIVE;
				CLANG_WARN_UNREACHABLE_CODE = YES;
				CLANG_WARN__DUPLICATE_METHOD_MATCH = YES;
				COPY_PHASE_STRIP = NO;
				DEBUG_INFORMATION_FORMAT = dwarf;
				ENABLE_STRICT_OBJC_MSGSEND = YES;
				ENABLE_TESTABILITY = YES;
				GCC_C_LANGUAGE_STANDARD = gnu11;
				GCC_DYNAMIC_NO_PIC = NO;
				GCC_NO_COMMON_BLOCKS = YES;
				GCC_OPTIMIZATION_LEVEL = 0;
				GCC_PREPROCESSOR_DEFINITIONS = (
					"DEBUG=1",
					"$(inherited)",
				);
				GCC_WARN_64_TO_32_BIT_CONVERSION = YES;
				GCC_WARN_ABOUT_RETURN_TYPE = YES_ERROR;
				GCC_WARN_UNDECLARED_SELECTOR = YES;
				GCC_WARN_UNINITIALIZED_AUTOS = YES_AGGRESSIVE;
				GCC_WARN_UNUSED_FUNCTION = YES;
				GCC_WARN_UNUSED_VARIABLE = YES;
				IPHONEOS_DEPLOYMENT_TARGET = 15.5;
				MTL_ENABLE_DEBUG_INFO = INCLUDE_SOURCE;
				MTL_FAST_MATH = YES;
				ONLY_ACTIVE_ARCH = YES;
				SDKROOT = iphoneos;
				SWIFT_ACTIVE_COMPILATION_CONDITIONS = DEBUG;
				SWIFT_OPTIMIZATION_LEVEL = "-Onone";
			};
			name = Debug;
		};
		87BF2142289CE9BB00661C80 /* Release */ = {
			isa = XCBuildConfiguration;
			buildSettings = {
				ALWAYS_SEARCH_USER_PATHS = NO;
				CLANG_ANALYZER_NONNULL = YES;
				CLANG_ANALYZER_NUMBER_OBJECT_CONVERSION = YES_AGGRESSIVE;
				CLANG_CXX_LANGUAGE_STANDARD = "gnu++17";
				CLANG_ENABLE_MODULES = YES;
				CLANG_ENABLE_OBJC_ARC = YES;
				CLANG_ENABLE_OBJC_WEAK = YES;
				CLANG_WARN_BLOCK_CAPTURE_AUTORELEASING = YES;
				CLANG_WARN_BOOL_CONVERSION = YES;
				CLANG_WARN_COMMA = YES;
				CLANG_WARN_CONSTANT_CONVERSION = YES;
				CLANG_WARN_DEPRECATED_OBJC_IMPLEMENTATIONS = YES;
				CLANG_WARN_DIRECT_OBJC_ISA_USAGE = YES_ERROR;
				CLANG_WARN_DOCUMENTATION_COMMENTS = YES;
				CLANG_WARN_EMPTY_BODY = YES;
				CLANG_WARN_ENUM_CONVERSION = YES;
				CLANG_WARN_INFINITE_RECURSION = YES;
				CLANG_WARN_INT_CONVERSION = YES;
				CLANG_WARN_NON_LITERAL_NULL_CONVERSION = YES;
				CLANG_WARN_OBJC_IMPLICIT_RETAIN_SELF = YES;
				CLANG_WARN_OBJC_LITERAL_CONVERSION = YES;
				CLANG_WARN_OBJC_ROOT_CLASS = YES_ERROR;
				CLANG_WARN_QUOTED_INCLUDE_IN_FRAMEWORK_HEADER = YES;
				CLANG_WARN_RANGE_LOOP_ANALYSIS = YES;
				CLANG_WARN_STRICT_PROTOTYPES = YES;
				CLANG_WARN_SUSPICIOUS_MOVE = YES;
				CLANG_WARN_UNGUARDED_AVAILABILITY = YES_AGGRESSIVE;
				CLANG_WARN_UNREACHABLE_CODE = YES;
				CLANG_WARN__DUPLICATE_METHOD_MATCH = YES;
				COPY_PHASE_STRIP = NO;
				DEBUG_INFORMATION_FORMAT = "dwarf-with-dsym";
				ENABLE_NS_ASSERTIONS = NO;
				ENABLE_STRICT_OBJC_MSGSEND = YES;
				GCC_C_LANGUAGE_STANDARD = gnu11;
				GCC_NO_COMMON_BLOCKS = YES;
				GCC_WARN_64_TO_32_BIT_CONVERSION = YES;
				GCC_WARN_ABOUT_RETURN_TYPE = YES_ERROR;
				GCC_WARN_UNDECLARED_SELECTOR = YES;
				GCC_WARN_UNINITIALIZED_AUTOS = YES_AGGRESSIVE;
				GCC_WARN_UNUSED_FUNCTION = YES;
				GCC_WARN_UNUSED_VARIABLE = YES;
				IPHONEOS_DEPLOYMENT_TARGET = 15.5;
				MTL_ENABLE_DEBUG_INFO = NO;
				MTL_FAST_MATH = YES;
				SDKROOT = iphoneos;
				SWIFT_COMPILATION_MODE = wholemodule;
				SWIFT_OPTIMIZATION_LEVEL = "-O";
				VALIDATE_PRODUCT = YES;
			};
			name = Release;
		};
		87BF2144289CE9BB00661C80 /* Debug */ = {
			isa = XCBuildConfiguration;
			buildSettings = {
				ASSETCATALOG_COMPILER_APPICON_NAME = AppIcon;
				ASSETCATALOG_COMPILER_GLOBAL_ACCENT_COLOR_NAME = AccentColor;
				CODE_SIGN_STYLE = Automatic;
				CURRENT_PROJECT_VERSION = 1;
				DEVELOPMENT_TEAM = 9XR48RYD63;
				GENERATE_INFOPLIST_FILE = YES;
				INFOPLIST_FILE = timer/Info.plist;
				INFOPLIST_KEY_UIApplicationSupportsIndirectInputEvents = YES;
				INFOPLIST_KEY_UILaunchStoryboardName = LaunchScreen;
				INFOPLIST_KEY_UIMainStoryboardFile = Main;
				INFOPLIST_KEY_UISupportedInterfaceOrientations_iPad = "UIInterfaceOrientationPortrait UIInterfaceOrientationPortraitUpsideDown UIInterfaceOrientationLandscapeLeft UIInterfaceOrientationLandscapeRight";
				INFOPLIST_KEY_UISupportedInterfaceOrientations_iPhone = "UIInterfaceOrientationPortrait UIInterfaceOrientationLandscapeLeft UIInterfaceOrientationLandscapeRight";
				LD_RUNPATH_SEARCH_PATHS = (
					"$(inherited)",
					"@executable_path/Frameworks",
				);
				MARKETING_VERSION = 1.0;
				PRODUCT_BUNDLE_IDENTIFIER = com.longlivedrgn.timer;
				PRODUCT_NAME = "$(TARGET_NAME)";
				SWIFT_EMIT_LOC_STRINGS = YES;
				SWIFT_VERSION = 5.0;
				TARGETED_DEVICE_FAMILY = "1,2";
			};
			name = Debug;
		};
		87BF2145289CE9BB00661C80 /* Release */ = {
			isa = XCBuildConfiguration;
			buildSettings = {
				ASSETCATALOG_COMPILER_APPICON_NAME = AppIcon;
				ASSETCATALOG_COMPILER_GLOBAL_ACCENT_COLOR_NAME = AccentColor;
				CODE_SIGN_STYLE = Automatic;
				CURRENT_PROJECT_VERSION = 1;
				DEVELOPMENT_TEAM = 9XR48RYD63;
				GENERATE_INFOPLIST_FILE = YES;
				INFOPLIST_FILE = timer/Info.plist;
				INFOPLIST_KEY_UIApplicationSupportsIndirectInputEvents = YES;
				INFOPLIST_KEY_UILaunchStoryboardName = LaunchScreen;
				INFOPLIST_KEY_UIMainStoryboardFile = Main;
				INFOPLIST_KEY_UISupportedInterfaceOrientations_iPad = "UIInterfaceOrientationPortrait UIInterfaceOrientationPortraitUpsideDown UIInterfaceOrientationLandscapeLeft UIInterfaceOrientationLandscapeRight";
				INFOPLIST_KEY_UISupportedInterfaceOrientations_iPhone = "UIInterfaceOrientationPortrait UIInterfaceOrientationLandscapeLeft UIInterfaceOrientationLandscapeRight";
				LD_RUNPATH_SEARCH_PATHS = (
					"$(inherited)",
					"@executable_path/Frameworks",
				);
				MARKETING_VERSION = 1.0;
				PRODUCT_BUNDLE_IDENTIFIER = com.longlivedrgn.timer;
				PRODUCT_NAME = "$(TARGET_NAME)";
				SWIFT_EMIT_LOC_STRINGS = YES;
				SWIFT_VERSION = 5.0;
				TARGETED_DEVICE_FAMILY = "1,2";
			};
			name = Release;
		};
		87BF2147289CE9BB00661C80 /* Debug */ = {
			isa = XCBuildConfiguration;
			buildSettings = {
				ALWAYS_EMBED_SWIFT_STANDARD_LIBRARIES = YES;
				BUNDLE_LOADER = "$(TEST_HOST)";
				CODE_SIGN_STYLE = Automatic;
				CURRENT_PROJECT_VERSION = 1;
				DEVELOPMENT_TEAM = 9XR48RYD63;
				GENERATE_INFOPLIST_FILE = YES;
				IPHONEOS_DEPLOYMENT_TARGET = 15.5;
				MARKETING_VERSION = 1.0;
				PRODUCT_BUNDLE_IDENTIFIER = com.longlivedrgn.timerTests;
				PRODUCT_NAME = "$(TARGET_NAME)";
				SWIFT_EMIT_LOC_STRINGS = NO;
				SWIFT_VERSION = 5.0;
				TARGETED_DEVICE_FAMILY = "1,2";
				TEST_HOST = "$(BUILT_PRODUCTS_DIR)/timer.app/timer";
			};
			name = Debug;
		};
		87BF2148289CE9BB00661C80 /* Release */ = {
			isa = XCBuildConfiguration;
			buildSettings = {
				ALWAYS_EMBED_SWIFT_STANDARD_LIBRARIES = YES;
				BUNDLE_LOADER = "$(TEST_HOST)";
				CODE_SIGN_STYLE = Automatic;
				CURRENT_PROJECT_VERSION = 1;
				DEVELOPMENT_TEAM = 9XR48RYD63;
				GENERATE_INFOPLIST_FILE = YES;
				IPHONEOS_DEPLOYMENT_TARGET = 15.5;
				MARKETING_VERSION = 1.0;
				PRODUCT_BUNDLE_IDENTIFIER = com.longlivedrgn.timerTests;
				PRODUCT_NAME = "$(TARGET_NAME)";
				SWIFT_EMIT_LOC_STRINGS = NO;
				SWIFT_VERSION = 5.0;
				TARGETED_DEVICE_FAMILY = "1,2";
				TEST_HOST = "$(BUILT_PRODUCTS_DIR)/timer.app/timer";
			};
			name = Release;
		};
		87BF214A289CE9BB00661C80 /* Debug */ = {
			isa = XCBuildConfiguration;
			buildSettings = {
				ALWAYS_EMBED_SWIFT_STANDARD_LIBRARIES = YES;
				CODE_SIGN_STYLE = Automatic;
				CURRENT_PROJECT_VERSION = 1;
				DEVELOPMENT_TEAM = 9XR48RYD63;
				GENERATE_INFOPLIST_FILE = YES;
				MARKETING_VERSION = 1.0;
				PRODUCT_BUNDLE_IDENTIFIER = com.longlivedrgn.timerUITests;
				PRODUCT_NAME = "$(TARGET_NAME)";
				SWIFT_EMIT_LOC_STRINGS = NO;
				SWIFT_VERSION = 5.0;
				TARGETED_DEVICE_FAMILY = "1,2";
				TEST_TARGET_NAME = timer;
			};
			name = Debug;
		};
		87BF214B289CE9BB00661C80 /* Release */ = {
			isa = XCBuildConfiguration;
			buildSettings = {
				ALWAYS_EMBED_SWIFT_STANDARD_LIBRARIES = YES;
				CODE_SIGN_STYLE = Automatic;
				CURRENT_PROJECT_VERSION = 1;
				DEVELOPMENT_TEAM = 9XR48RYD63;
				GENERATE_INFOPLIST_FILE = YES;
				MARKETING_VERSION = 1.0;
				PRODUCT_BUNDLE_IDENTIFIER = com.longlivedrgn.timerUITests;
				PRODUCT_NAME = "$(TARGET_NAME)";
				SWIFT_EMIT_LOC_STRINGS = NO;
				SWIFT_VERSION = 5.0;
				TARGETED_DEVICE_FAMILY = "1,2";
				TEST_TARGET_NAME = timer;
			};
			name = Release;
		};
/* End XCBuildConfiguration section */

/* Begin XCConfigurationList section */
		87BF2114289CE9B900661C80 /* Build configuration list for PBXProject "timer" */ = {
			isa = XCConfigurationList;
			buildConfigurations = (
				87BF2141289CE9BB00661C80 /* Debug */,
				87BF2142289CE9BB00661C80 /* Release */,
			);
			defaultConfigurationIsVisible = 0;
			defaultConfigurationName = Release;
		};
		87BF2143289CE9BB00661C80 /* Build configuration list for PBXNativeTarget "timer" */ = {
			isa = XCConfigurationList;
			buildConfigurations = (
				87BF2144289CE9BB00661C80 /* Debug */,
				87BF2145289CE9BB00661C80 /* Release */,
			);
			defaultConfigurationIsVisible = 0;
			defaultConfigurationName = Release;
		};
		87BF2146289CE9BB00661C80 /* Build configuration list for PBXNativeTarget "timerTests" */ = {
			isa = XCConfigurationList;
			buildConfigurations = (
				87BF2147289CE9BB00661C80 /* Debug */,
				87BF2148289CE9BB00661C80 /* Release */,
			);
			defaultConfigurationIsVisible = 0;
			defaultConfigurationName = Release;
		};
		87BF2149289CE9BB00661C80 /* Build configuration list for PBXNativeTarget "timerUITests" */ = {
			isa = XCConfigurationList;
			buildConfigurations = (
				87BF214A289CE9BB00661C80 /* Debug */,
				87BF214B289CE9BB00661C80 /* Release */,
			);
			defaultConfigurationIsVisible = 0;
			defaultConfigurationName = Release;
		};
/* End XCConfigurationList section */
	};
	rootObject = 87BF2111289CE9B900661C80 /* Project object */;
}
